
Microsoft Visual Studio Solution File, Format Version 12.00
# Visual Studio 14
VisualStudioVersion = 14.0.24720.0
MinimumVisualStudioVersion = 10.0.40219.1
Project("{FAE04EC0-301F-11D3-BF4B-00C04F79EFBC}") = "NetRake", "NetRake\NetRake.csproj", "{B34A05CE-1BC8-4ACE-A5CA-15A5E46C7046}"
EndProject
Project("{FAE04EC0-301F-11D3-BF4B-00C04F79EFBC}") = "Driver", "Driver\Driver.csproj", "{7379243A-D68B-4681-A191-16A67BDF921E}"
EndProject
Global
	GlobalSection(SolutionConfigurationPlatforms) = preSolution
		Debug|Any CPU = Debug|Any CPU
		Release|Any CPU = Release|Any CPU
	EndGlobalSection
	GlobalSection(ProjectConfigurationPlatforms) = postSolution
		{B34A05CE-1BC8-4ACE-A5CA-15A5E46C7046}.Debug|Any CPU.ActiveCfg = Debug|Any CPU
		{B34A05CE-1BC8-4ACE-A5CA-15A5E46C7046}.Debug|Any CPU.Build.0 = Debug|Any CPU
		{B34A05CE-1BC8-4ACE-A5CA-15A5E46C7046}.Release|Any CPU.ActiveCfg = Release|Any CPU
		{B34A05CE-1BC8-4ACE-A5CA-15A5E46C7046}.Release|Any CPU.Build.0 = Release|Any CPU
		{7379243A-D68B-4681-A191-16A67BDF921E}.Debug|Any CPU.ActiveCfg = Debug|Any CPU
		{7379243A-D68B-4681-A191-16A67BDF921E}.Debug|Any CPU.Build.0 = Debug|Any CPU
		{7379243A-D68B-4681-A191-16A67BDF921E}.Release|Any CPU.ActiveCfg = Release|Any CPU
		{7379243A-D68B-4681-A191-16A67BDF921E}.Release|Any CPU.Build.0 = Release|Any CPU
	EndGlobalSection
	GlobalSection(SolutionProperties) = preSolution
		HideSolutionNode = FALSE
	EndGlobalSection
EndGlobal
